
Microsoft Visual Studio Solution File, Format Version 12.00
# Visual Studio Version 17
VisualStudioVersion = 17.1.32407.343
MinimumVisualStudioVersion = 10.0.40219.1
Project("{9A19103F-16F7-4668-BE54-9A1E7A4F7556}") = "MiddleWare", "MiddleWare.csproj", "{EC68BE99-6920-4778-92CA-147F123B82DB}"
EndProject
Project("{9A19103F-16F7-4668-BE54-9A1E7A4F7556}") = "Middleware.Server.Blazor", "..\Middleware.Server.Blazor\Middleware.Server.Blazor.csproj", "{3676197A-2116-45E0-B793-FA32CEBB92A1}"
EndProject
Global
	GlobalSection(SolutionConfigurationPlatforms) = preSolution
		Debug|Any CPU = Debug|Any CPU
		Release|Any CPU = Release|Any CPU
	EndGlobalSection
	GlobalSection(ProjectConfigurationPlatforms) = postSolution
		{EC68BE99-6920-4778-92CA-147F123B82DB}.Debug|Any CPU.ActiveCfg = Debug|Any CPU
		{EC68BE99-6920-4778-92CA-147F123B82DB}.Debug|Any CPU.Build.0 = Debug|Any CPU
		{EC68BE99-6920-4778-92CA-147F123B82DB}.Release|Any CPU.ActiveCfg = Release|Any CPU
		{EC68BE99-6920-4778-92CA-147F123B82DB}.Release|Any CPU.Build.0 = Release|Any CPU
		{3676197A-2116-45E0-B793-FA32CEBB92A1}.Debug|Any CPU.ActiveCfg = Debug|Any CPU
		{3676197A-2116-45E0-B793-FA32CEBB92A1}.Debug|Any CPU.Build.0 = Debug|Any CPU
		{3676197A-2116-45E0-B793-FA32CEBB92A1}.Release|Any CPU.ActiveCfg = Release|Any CPU
		{3676197A-2116-45E0-B793-FA32CEBB92A1}.Release|Any CPU.Build.0 = Release|Any CPU
	EndGlobalSection
	GlobalSection(SolutionProperties) = preSolution
		HideSolutionNode = FALSE
	EndGlobalSection
	GlobalSection(ExtensibilityGlobals) = postSolution
		SolutionGuid = {0D3DCF5D-5268-4D5D-9C2D-D57C399AD631}
	EndGlobalSection
EndGlobal
